
Microsoft Visual Studio Solution File, Format Version 12.00
# Visual Studio Version 16
VisualStudioVersion = 16.0.33927.289
MinimumVisualStudioVersion = 10.0.40219.1
Project("{FAE04EC0-301F-11D3-BF4B-00C04F79EFBC}") = "FinalVersion", "FinalVersion.csproj", "{A10E7837-68C1-44FB-8838-98F5B7A0E748}"
EndProject
Global
	GlobalSection(SolutionConfigurationPlatforms) = preSolution
		Debug|Any CPU = Debug|Any CPU
		Release|Any CPU = Release|Any CPU
	EndGlobalSection
	GlobalSection(ProjectConfigurationPlatforms) = postSolution
		{A10E7837-68C1-44FB-8838-98F5B7A0E748}.Debug|Any CPU.ActiveCfg = Debug|Any CPU
		{A10E7837-68C1-44FB-8838-98F5B7A0E748}.Debug|Any CPU.Build.0 = Debug|Any CPU
		{A10E7837-68C1-44FB-8838-98F5B7A0E748}.Release|Any CPU.ActiveCfg = Release|Any CPU
		{A10E7837-68C1-44FB-8838-98F5B7A0E748}.Release|Any CPU.Build.0 = Release|Any CPU
	EndGlobalSection
	GlobalSection(SolutionProperties) = preSolution
		HideSolutionNode = FALSE
	EndGlobalSection
	GlobalSection(ExtensibilityGlobals) = postSolution
		SolutionGuid = {2627AE78-84CB-4F6F-8C9F-8FF5C908E4DD}
	EndGlobalSection
EndGlobal
